
Microsoft Visual Studio Solution File, Format Version 12.00
# Visual Studio Version 17
VisualStudioVersion = 17.8.34525.116
MinimumVisualStudioVersion = 10.0.40219.1
Project("{FAE04EC0-301F-11D3-BF4B-00C04F79EFBC}") = "10269809_PROG6212_POE", "10269809_PROG6212_POE\10269809_PROG6212_POE.csproj", "{79B4DEC3-43FD-4715-AC9C-8BAAD8DC8C43}"
EndProject
Global
	GlobalSection(SolutionConfigurationPlatforms) = preSolution
		Debug|Any CPU = Debug|Any CPU
		Release|Any CPU = Release|Any CPU
	EndGlobalSection
	GlobalSection(ProjectConfigurationPlatforms) = postSolution
		{79B4DEC3-43FD-4715-AC9C-8BAAD8DC8C43}.Debug|Any CPU.ActiveCfg = Debug|Any CPU
		{79B4DEC3-43FD-4715-AC9C-8BAAD8DC8C43}.Debug|Any CPU.Build.0 = Debug|Any CPU
		{79B4DEC3-43FD-4715-AC9C-8BAAD8DC8C43}.Release|Any CPU.ActiveCfg = Release|Any CPU
		{79B4DEC3-43FD-4715-AC9C-8BAAD8DC8C43}.Release|Any CPU.Build.0 = Release|Any CPU
	EndGlobalSection
	GlobalSection(SolutionProperties) = preSolution
		HideSolutionNode = FALSE
	EndGlobalSection
	GlobalSection(ExtensibilityGlobals) = postSolution
		SolutionGuid = {55FECFAC-A172-4A59-9C79-ACAF2E4E2876}
	EndGlobalSection
EndGlobal
